{
	"name": "wle-vertex-shader-grass",
	"version": "1.0.0",
	"lockfileVersion": 3,
	"requires": true,
	"packages": {
		"": {
			"name": "wle-vertex-shader-grass",
			"version": "1.0.0",
			"dependencies": {
				"@wonderlandengine/api": "^1.4.5",
				"@wonderlandengine/components": "^1.2.1",
				"gl-matrix": "^3.4.3",
				"wle-stats": "^1.0.3"
			},
			"devDependencies": {
				"@wonderlandengine/editor-api": "^1.4.6"
			}
		},
		"node_modules/@types/earcut": {
			"version": "2.1.4",
			"resolved": "https://registry.npmjs.org/@types/earcut/-/earcut-2.1.4.tgz",
			"integrity": "sha512-qp3m9PPz4gULB9MhjGID7wpo3gJ4bTGXm7ltNDsmOvsPduTeHp8wSW9YckBj3mljeOh4F0m2z/0JKAALRKbmLQ=="
		},
		"node_modules/@types/webxr": {
			"version": "0.5.22",
			"resolved": "https://registry.npmjs.org/@types/webxr/-/webxr-0.5.22.tgz",
			"integrity": "sha512-Vr6Stjv5jPRqH690f5I5GLjVk8GSsoQSYJ2FVd/3jJF7KaqfwPi3ehfBS96mlQ2kPCwZaX6U0rG2+NGHBKkA/A=="
		},
		"node_modules/@wonderlandengine/api": {
			"version": "1.4.5",
			"resolved": "https://registry.npmjs.org/@wonderlandengine/api/-/api-1.4.5.tgz",
			"integrity": "sha512-IsSgIiDLx6jc44xDKiwiu/uMeasCArQjySZ6br4ORMAJDclng5EseULbjzcP8LgU7JR9VykuDoKzrxIzXCBHqw==",
			"dependencies": {
				"@types/webxr": "^0.5.0"
			}
		},
		"node_modules/@wonderlandengine/components": {
			"version": "1.2.3",
			"resolved": "https://registry.npmjs.org/@wonderlandengine/components/-/components-1.2.3.tgz",
			"integrity": "sha512-O2PM3D1+fRvGpbIhVJivD6NdgYT9t6iBKAuUTuK0GNYQOWnHNCixgDZ3nijibSSgWA0X1IEr7dlRStuFJjR5Xg==",
			"dependencies": {
				"@types/earcut": "^2.1.1",
				"@types/webxr": "^0.5.21",
				"@wonderlandengine/spatial-audio": "^1.2.3",
				"earcut": "^2.2.4",
				"gl-matrix": "^3.3.0"
			},
			"peerDependencies": {
				"@wonderlandengine/api": "^1.1.0"
			}
		},
		"node_modules/@wonderlandengine/editor-api": {
			"version": "1.4.6",
			"resolved": "https://registry.npmjs.org/@wonderlandengine/editor-api/-/editor-api-1.4.6.tgz",
			"integrity": "sha512-kVyxmQ7KvDtyToL17aOKYF/tG8f4CLGU1vC3L7aKHz3kWBfRni5cLleY+jjsrL6Ipvk1eadLWJufGozs9REZbA==",
			"dev": true,
			"license": "MIT"
		},
		"node_modules/@wonderlandengine/spatial-audio": {
			"version": "1.2.4",
			"resolved": "https://registry.npmjs.org/@wonderlandengine/spatial-audio/-/spatial-audio-1.2.4.tgz",
			"integrity": "sha512-zA2t4r0H1EXP3rvAIPXadYfeuidGTP/9QFhJ0nBHdW7h5ZPqxMF/LGIp1mSH/Oi/6obkKfNnPYGgMIgfG0wFPQ==",
			"peerDependencies": {
				"@wonderlandengine/api": "^1.0.0",
				"@wonderlandengine/components": "^1.0.6",
				"gl-matrix": "^3.4.3"
			}
		},
		"node_modules/earcut": {
			"version": "2.2.4",
			"resolved": "https://registry.npmjs.org/earcut/-/earcut-2.2.4.tgz",
			"integrity": "sha512-/pjZsA1b4RPHbeWZQn66SWS8nZZWLQQ23oE3Eam7aroEFGEvwKAsJfZ9ytiEMycfzXWpca4FA9QIOehf7PocBQ=="
		},
		"node_modules/gl-matrix": {
			"version": "3.4.3",
			"resolved": "https://registry.npmjs.org/gl-matrix/-/gl-matrix-3.4.3.tgz",
			"integrity": "sha512-wcCp8vu8FT22BnvKVPjXa/ICBWRq/zjFfdofZy1WSpQZpphblv12/bOQLBC1rMM7SGOFS9ltVmKOHil5+Ml7gA=="
		},
		"node_modules/prettier": {
			"version": "3.6.2",
			"resolved": "https://registry.npmjs.org/prettier/-/prettier-3.6.2.tgz",
			"integrity": "sha512-I7AIg5boAr5R0FFtJ6rCfD+LFsWHp81dolrFD8S79U9tb8Az2nGrJncnMSnys+bpQJfRUzqs9hnA81OAA3hCuQ==",
			"license": "MIT",
			"bin": {
				"prettier": "bin/prettier.cjs"
			},
			"engines": {
				"node": ">=14"
			},
			"funding": {
				"url": "https://github.com/prettier/prettier?sponsor=1"
			}
		},
		"node_modules/wle-stats": {
			"version": "1.0.3",
			"resolved": "https://registry.npmjs.org/wle-stats/-/wle-stats-1.0.3.tgz",
			"integrity": "sha512-PkSClOwyw4h4t+EmcmBJUYmFRAyMjimUB+ixc1Vt6NLxf4iPbJeMef74pX0Pp59PYEo4xlGsJfAj031p//WnBg==",
			"license": "MIT",
			"dependencies": {
				"gl-matrix": "^3.4.3",
				"prettier": "^3.0.0"
			},
			"peerDependencies": {
				"@wonderlandengine/api": "^1.0.1"
			}
		}
	}
}
